
Microsoft Visual Studio Solution File, Format Version 12.00
# Visual Studio Version 17
VisualStudioVersion = 17.4.33015.44
MinimumVisualStudioVersion = 10.0.40219.1
Project("{888888A0-9F3D-457C-B088-3A5042F75D52}") = "DiscordSAGRN", "DiscordSAGRN.pyproj", "{334C6B0D-0006-4C0F-A3A8-B27051B61A16}"
EndProject
Global
	GlobalSection(SolutionConfigurationPlatforms) = preSolution
		Debug|Any CPU = Debug|Any CPU
		Release|Any CPU = Release|Any CPU
	EndGlobalSection
	GlobalSection(ProjectConfigurationPlatforms) = postSolution
		{334C6B0D-0006-4C0F-A3A8-B27051B61A16}.Debug|Any CPU.ActiveCfg = Debug|Any CPU
		{334C6B0D-0006-4C0F-A3A8-B27051B61A16}.Release|Any CPU.ActiveCfg = Release|Any CPU
	EndGlobalSection
	GlobalSection(SolutionProperties) = preSolution
		HideSolutionNode = FALSE
	EndGlobalSection
	GlobalSection(ExtensibilityGlobals) = postSolution
		SolutionGuid = {D2D0C268-077C-4455-B103-8AAA61CA9CCE}
	EndGlobalSection
EndGlobal
